{
  "name": "ExpressApp",
  "version": "0.0.1",
  "lockfileVersion": 1,
  "requires": true,
  "dependencies": {
    "express": {
      "version": "4.12.3",
      "resolved": "https://registry.npmjs.org/express/-/express-4.12.3.tgz",
      "integrity": "sha1-a52UrsWuAycNhtOQwneoxaWtDuI=",
      "requires": {
        "accepts": "~1.2.5",
        "content-disposition": "0.5.0",
        "content-type": "~1.0.1",
        "cookie": "0.1.2",
        "cookie-signature": "1.0.6",
        "debug": "~2.1.3",
        "depd": "~1.0.0",
        "escape-html": "1.0.1",
        "etag": "~1.5.1",
        "finalhandler": "0.3.4",
        "fresh": "0.2.4",
        "merge-descriptors": "1.0.0",
        "methods": "~1.1.1",
        "on-finished": "~2.2.0",
        "parseurl": "~1.3.0",
        "path-to-regexp": "0.1.3",
        "proxy-addr": "~1.0.7",
        "qs": "2.4.1",
        "range-parser": "~1.0.2",
        "send": "0.12.2",
        "serve-static": "~1.9.2",
        "type-is": "~1.6.1",
        "utils-merge": "1.0.0",
        "vary": "~1.0.0"
      },
      "dependencies": {
        "accepts": {
          "version": "1.2.7",
          "resolved": "https://registry.npmjs.org/accepts/-/accepts-1.2.7.tgz",
          "integrity": "sha1-7+ok424LW5PQAadZisRBwy71YAM=",
          "requires": {
            "mime-types": "~2.0.11",
            "negotiator": "0.5.3"
          },
          "dependencies": {
            "mime-types": {
              "version": "2.0.11",
              "resolved": "https://registry.npmjs.org/mime-types/-/mime-types-2.0.11.tgz",
              "integrity": "sha1-vzRJBCeZ2HfIFcKZKdHnR2DnIAc=",
              "requires": {
                "mime-db": "~1.9.1"
              },
              "dependencies": {
                "mime-db": {
                  "version": "1.9.1",
                  "resolved": "https://registry.npmjs.org/mime-db/-/mime-db-1.9.1.tgz",
                  "integrity": "sha1-FDEEmnF5FILCnze6/I6iyzpt0+g="
                }
              }
            },
            "negotiator": {
              "version": "0.5.3",
              "resolved": "https://registry.npmjs.org/negotiator/-/negotiator-0.5.3.tgz",
              "integrity": "sha1-Jp1cR2gQ7JLtvntsLygxY4T5p+g="
            }
          }
        },
        "content-disposition": {
          "version": "0.5.0",
          "resolved": "https://registry.npmjs.org/content-disposition/-/content-disposition-0.5.0.tgz",
          "integrity": "sha1-QoT+auBjCHRjnkToCkGMKTQTXp4="
        },
        "content-type": {
          "version": "1.0.1",
          "resolved": "https://registry.npmjs.org/content-type/-/content-type-1.0.1.tgz",
          "integrity": "sha1-oZ0iRzJ9wDgFDOYit6FU7FnF5gA="
        },
        "cookie": {
          "version": "0.1.2",
          "resolved": "https://registry.npmjs.org/cookie/-/cookie-0.1.2.tgz",
          "integrity": "sha1-cv7D0k5Io0Mgc9kMEmQgBQYQBLE="
        },
        "cookie-signature": {
          "version": "1.0.6",
          "resolved": "https://registry.npmjs.org/cookie-signature/-/cookie-signature-1.0.6.tgz",
          "integrity": "sha1-4wOogrNCzD7oylE6eZmXNNqzriw="
        },
        "debug": {
          "version": "2.1.3",
          "resolved": "https://registry.npmjs.org/debug/-/debug-2.1.3.tgz",
          "integrity": "sha1-zoqxte6PvuK/o7Yzyrk9NmtjQY4=",
          "requires": {
            "ms": "0.7.0"
          },
          "dependencies": {
            "ms": {
              "version": "0.7.0",
              "resolved": "https://registry.npmjs.org/ms/-/ms-0.7.0.tgz",
              "integrity": "sha1-hlvpTC5zl62KV9pqYzpuLzB5i4M="
            }
          }
        },
        "depd": {
          "version": "1.0.1",
          "resolved": "https://registry.npmjs.org/depd/-/depd-1.0.1.tgz",
          "integrity": "sha1-gK7GTJ1tl+ZcwqnKqTwKpqv3Oqo="
        },
        "escape-html": {
          "version": "1.0.1",
          "resolved": "https://registry.npmjs.org/escape-html/-/escape-html-1.0.1.tgz",
          "integrity": "sha1-GBoobq05ejmpKFfPsdQwUuNWv/A="
        },
        "etag": {
          "version": "1.5.1",
          "resolved": "https://registry.npmjs.org/etag/-/etag-1.5.1.tgz",
          "integrity": "sha1-VMUN4E7kJpVWKSWsVmWIKRvn6eo=",
          "requires": {
            "crc": "3.2.1"
          },
          "dependencies": {
            "crc": {
              "version": "3.2.1",
              "resolved": "https://registry.npmjs.org/crc/-/crc-3.2.1.tgz",
              "integrity": "sha1-XZyPt3okXNXsopHl0tAFM0urAII="
            }
          }
        },
        "finalhandler": {
          "version": "0.3.4",
          "resolved": "https://registry.npmjs.org/finalhandler/-/finalhandler-0.3.4.tgz",
          "integrity": "sha1-R4fTVz0HmuiwdTbyawuRHrryoqw=",
          "requires": {
            "debug": "~2.1.3",
            "escape-html": "1.0.1",
            "on-finished": "~2.2.0"
          }
        },
        "fresh": {
          "version": "0.2.4",
          "resolved": "https://registry.npmjs.org/fresh/-/fresh-0.2.4.tgz",
          "integrity": "sha1-NYJJkgbJcjcUGQ7ddLRgT+tKYUw="
        },
        "merge-descriptors": {
          "version": "1.0.0",
          "resolved": "https://registry.npmjs.org/merge-descriptors/-/merge-descriptors-1.0.0.tgz",
          "integrity": "sha1-IWnPdTjhsMyH+4jhUC2EdLv3mGQ="
        },
        "methods": {
          "version": "1.1.1",
          "resolved": "https://registry.npmjs.org/methods/-/methods-1.1.1.tgz",
          "integrity": "sha1-F+pjZgZtAMWON1uOx9/QRTyJgio="
        },
        "on-finished": {
          "version": "2.2.1",
          "resolved": "https://registry.npmjs.org/on-finished/-/on-finished-2.2.1.tgz",
          "integrity": "sha1-XIXBzDYpn3gCllP2Z/J7a5nrwCk=",
          "requires": {
            "ee-first": "1.1.0"
          },
          "dependencies": {
            "ee-first": {
              "version": "1.1.0",
              "resolved": "https://registry.npmjs.org/ee-first/-/ee-first-1.1.0.tgz",
              "integrity": "sha1-ag18YiHkkP7v2S7D9EHJzozQl/Q="
            }
          }
        },
        "parseurl": {
          "version": "1.3.0",
          "resolved": "https://registry.npmjs.org/parseurl/-/parseurl-1.3.0.tgz",
          "integrity": "sha1-tYBG20Ij4UWvp2AJ5hush8wigbM="
        },
        "path-to-regexp": {
          "version": "0.1.3",
          "resolved": "https://registry.npmjs.org/path-to-regexp/-/path-to-regexp-0.1.3.tgz",
          "integrity": "sha1-IbmrgidCed4lsVbqCP0SylG4rss="
        },
        "proxy-addr": {
          "version": "1.0.8",
          "resolved": "https://registry.npmjs.org/proxy-addr/-/proxy-addr-1.0.8.tgz",
          "integrity": "sha1-21Tsh4vMEFPVdkZgkhmzcVZ4uv4=",
          "requires": {
            "forwarded": "~0.1.0",
            "ipaddr.js": "1.0.1"
          },
          "dependencies": {
            "forwarded": {
              "version": "0.1.0",
              "resolved": "https://registry.npmjs.org/forwarded/-/forwarded-0.1.0.tgz",
              "integrity": "sha1-Ge+YdMSuHCl7zweP3mOgm2aoQ2M="
            },
            "ipaddr.js": {
              "version": "1.0.1",
              "resolved": "https://registry.npmjs.org/ipaddr.js/-/ipaddr.js-1.0.1.tgz",
              "integrity": "sha1-XziAHcc+BAD8cHY4b27VIV+9j5U="
            }
          }
        },
        "qs": {
          "version": "2.4.1",
          "resolved": "https://registry.npmjs.org/qs/-/qs-2.4.1.tgz",
          "integrity": "sha1-aMuuqXEBNCaoDBQE+taxprEXUkU="
        },
        "range-parser": {
          "version": "1.0.2",
          "resolved": "https://registry.npmjs.org/range-parser/-/range-parser-1.0.2.tgz",
          "integrity": "sha1-BqEqQuUTG6jkV82JIESGfyNE5Uk="
        },
        "send": {
          "version": "0.12.2",
          "resolved": "https://registry.npmjs.org/send/-/send-0.12.2.tgz",
          "integrity": "sha1-umeF5Hq0GqA1i52kAasi/w9Y6rY=",
          "requires": {
            "debug": "~2.1.3",
            "depd": "~1.0.0",
            "destroy": "1.0.3",
            "escape-html": "1.0.1",
            "etag": "~1.5.1",
            "fresh": "0.2.4",
            "mime": "1.3.4",
            "ms": "0.7.0",
            "on-finished": "~2.2.0",
            "range-parser": "~1.0.2"
          },
          "dependencies": {
            "destroy": {
              "version": "1.0.3",
              "resolved": "https://registry.npmjs.org/destroy/-/destroy-1.0.3.tgz",
              "integrity": "sha1-tDO0ck5x/YVR2YhRdIUcX8N34sk="
            },
            "mime": {
              "version": "1.3.4",
              "resolved": "https://registry.npmjs.org/mime/-/mime-1.3.4.tgz",
              "integrity": "sha1-EV+eO2s9rylZmDyzjxSaLUDrXVM="
            },
            "ms": {
              "version": "0.7.0",
              "resolved": "https://registry.npmjs.org/ms/-/ms-0.7.0.tgz",
              "integrity": "sha1-hlvpTC5zl62KV9pqYzpuLzB5i4M="
            }
          }
        },
        "serve-static": {
          "version": "1.9.2",
          "resolved": "https://registry.npmjs.org/serve-static/-/serve-static-1.9.2.tgz",
          "integrity": "sha1-Bp+jJFNVeyGOwuORQMgtiQXVZyw=",
          "requires": {
            "escape-html": "1.0.1",
            "parseurl": "~1.3.0",
            "send": "0.12.2",
            "utils-merge": "1.0.0"
          }
        },
        "type-is": {
          "version": "1.6.2",
          "resolved": "https://registry.npmjs.org/type-is/-/type-is-1.6.2.tgz",
          "integrity": "sha1-aU6D5dEQQX5oHOongifyZK5AbjM=",
          "requires": {
            "media-typer": "0.3.0",
            "mime-types": "~2.0.11"
          },
          "dependencies": {
            "media-typer": {
              "version": "0.3.0",
              "resolved": "https://registry.npmjs.org/media-typer/-/media-typer-0.3.0.tgz",
              "integrity": "sha1-hxDXrwqmJvj/+hzgAWhUUmMlV0g="
            },
            "mime-types": {
              "version": "2.0.11",
              "resolved": "https://registry.npmjs.org/mime-types/-/mime-types-2.0.11.tgz",
              "integrity": "sha1-vzRJBCeZ2HfIFcKZKdHnR2DnIAc=",
              "requires": {
                "mime-db": "~1.9.1"
              },
              "dependencies": {
                "mime-db": {
                  "version": "1.9.1",
                  "resolved": "https://registry.npmjs.org/mime-db/-/mime-db-1.9.1.tgz",
                  "integrity": "sha1-FDEEmnF5FILCnze6/I6iyzpt0+g="
                }
              }
            }
          }
        },
        "utils-merge": {
          "version": "1.0.0",
          "resolved": "https://registry.npmjs.org/utils-merge/-/utils-merge-1.0.0.tgz",
          "integrity": "sha1-ApT7kiu5N1FTVBxPcJYjHyh8ivg="
        },
        "vary": {
          "version": "1.0.0",
          "resolved": "https://registry.npmjs.org/vary/-/vary-1.0.0.tgz",
          "integrity": "sha1-xeds7CDTgg2PKpbnvuOHMcNNoec="
        }
      }
    },
    "grunt": {
      "version": "0.4.5",
      "resolved": "https://registry.npmjs.org/grunt/-/grunt-0.4.5.tgz",
      "integrity": "sha1-VpN81RlDJK3/bSB2MYMqnWuk5/A=",
      "requires": {
        "async": "~0.1.22",
        "coffee-script": "~1.3.3",
        "colors": "~0.6.2",
        "dateformat": "1.0.2-1.2.3",
        "eventemitter2": "~0.4.13",
        "exit": "~0.1.1",
        "findup-sync": "~0.1.2",
        "getobject": "~0.1.0",
        "glob": "~3.1.21",
        "grunt-legacy-log": "~0.1.0",
        "grunt-legacy-util": "~0.2.0",
        "hooker": "~0.2.3",
        "iconv-lite": "~0.2.11",
        "js-yaml": "~2.0.5",
        "lodash": "~0.9.2",
        "minimatch": "~0.2.12",
        "nopt": "~1.0.10",
        "rimraf": "~2.2.8",
        "underscore.string": "~2.2.1",
        "which": "~1.0.5"
      },
      "dependencies": {
        "async": {
          "version": "0.1.22",
          "resolved": "https://registry.npmjs.org/async/-/async-0.1.22.tgz",
          "integrity": "sha1-D8GqoIig4+8Ovi2IMbqw3PiEUGE="
        },
        "coffee-script": {
          "version": "1.3.3",
          "resolved": "https://registry.npmjs.org/coffee-script/-/coffee-script-1.3.3.tgz",
          "integrity": "sha1-FQ1rTLUiiUNp7+1qIQHCC8f0pPQ="
        },
        "colors": {
          "version": "0.6.2",
          "resolved": "https://registry.npmjs.org/colors/-/colors-0.6.2.tgz",
          "integrity": "sha1-JCP+ZnisDF2uiFLl0OW+CMmXq8w="
        },
        "dateformat": {
          "version": "1.0.2-1.2.3",
          "resolved": "https://registry.npmjs.org/dateformat/-/dateformat-1.0.2-1.2.3.tgz",
          "integrity": "sha1-sCIMAt6YYXQztyhRz0fePfLNvuk="
        },
        "eventemitter2": {
          "version": "0.4.14",
          "resolved": "https://registry.npmjs.org/eventemitter2/-/eventemitter2-0.4.14.tgz",
          "integrity": "sha1-j2G3XN4BKy6esoTUVFWDtWQ7Yas="
        },
        "exit": {
          "version": "0.1.2",
          "resolved": "https://registry.npmjs.org/exit/-/exit-0.1.2.tgz",
          "integrity": "sha1-BjJjj42HfMghB9MKD/8aF8uhzQw="
        },
        "findup-sync": {
          "version": "0.1.3",
          "resolved": "https://registry.npmjs.org/findup-sync/-/findup-sync-0.1.3.tgz",
          "integrity": "sha1-fz56l7gjksZTvwZYm9hRkOk8NoM=",
          "requires": {
            "glob": "~3.2.9",
            "lodash": "~2.4.1"
          },
          "dependencies": {
            "glob": {
              "version": "3.2.11",
              "resolved": "https://registry.npmjs.org/glob/-/glob-3.2.11.tgz",
              "integrity": "sha1-Spc/Y1uRkPcV0QmH1cAP0oFevj0=",
              "requires": {
                "inherits": "2",
                "minimatch": "0.3"
              },
              "dependencies": {
                "inherits": {
                  "version": "2.0.1",
                  "resolved": "https://registry.npmjs.org/inherits/-/inherits-2.0.1.tgz",
                  "integrity": "sha1-sX0I0ya0Qj5Wjv9xn5GwscvfafE="
                },
                "minimatch": {
                  "version": "0.3.0",
                  "resolved": "https://registry.npmjs.org/minimatch/-/minimatch-0.3.0.tgz",
                  "integrity": "sha1-J12O2qxPG7MyZHIInnlJyDlGmd0=",
                  "requires": {
                    "lru-cache": "2",
                    "sigmund": "~1.0.0"
                  },
                  "dependencies": {
                    "lru-cache": {
                      "version": "2.6.2",
                      "resolved": "https://registry.npmjs.org/lru-cache/-/lru-cache-2.6.2.tgz",
                      "integrity": "sha1-d3QWOMbcly5QPb5B3La/37pJmjg="
                    },
                    "sigmund": {
                      "version": "1.0.0",
                      "resolved": "https://registry.npmjs.org/sigmund/-/sigmund-1.0.0.tgz",
                      "integrity": "sha1-ZqKzp0mui1+4nv1PzAHclPvgIpY="
                    }
                  }
                }
              }
            },
            "lodash": {
              "version": "2.4.2",
              "resolved": "https://registry.npmjs.org/lodash/-/lodash-2.4.2.tgz",
              "integrity": "sha1-+t2DS5aDBz2hebPq5tnA0VBT9z4="
            }
          }
        },
        "getobject": {
          "version": "0.1.0",
          "resolved": "https://registry.npmjs.org/getobject/-/getobject-0.1.0.tgz",
          "integrity": "sha1-BHpEl4n6Fg0Bj1SG7ZEyC27HiFw="
        },
        "glob": {
          "version": "3.1.21",
          "resolved": "https://registry.npmjs.org/glob/-/glob-3.1.21.tgz",
          "integrity": "sha1-0p4KBV3qUTj00H7UDomC6DwgZs0=",
          "requires": {
            "graceful-fs": "~1.2.0",
            "inherits": "1",
            "minimatch": "~0.2.11"
          },
          "dependencies": {
            "graceful-fs": {
              "version": "1.2.3",
              "resolved": "https://registry.npmjs.org/graceful-fs/-/graceful-fs-1.2.3.tgz",
              "integrity": "sha1-FaSAaldUfLLS2/J/QuiajDRRs2Q="
            },
            "inherits": {
              "version": "1.0.0",
              "resolved": "https://registry.npmjs.org/inherits/-/inherits-1.0.0.tgz",
              "integrity": "sha1-OOGXUoW/H3upyE2hArsSdxMirEg="
            }
          }
        },
        "grunt-legacy-log": {
          "version": "0.1.1",
          "resolved": "https://registry.npmjs.org/grunt-legacy-log/-/grunt-legacy-log-0.1.1.tgz",
          "integrity": "sha1-1B8aarybCxJWorX/AvTDKY381Xo=",
          "requires": {
            "colors": "~0.6.2",
            "hooker": "~0.2.3",
            "lodash": "~2.4.1",
            "underscore.string": "~2.3.3"
          },
          "dependencies": {
            "lodash": {
              "version": "2.4.2",
              "resolved": "https://registry.npmjs.org/lodash/-/lodash-2.4.2.tgz",
              "integrity": "sha1-+t2DS5aDBz2hebPq5tnA0VBT9z4="
            },
            "underscore.string": {
              "version": "2.3.3",
              "resolved": "https://registry.npmjs.org/underscore.string/-/underscore.string-2.3.3.tgz",
              "integrity": "sha1-ccCL9rQosRM/N+ePo6Icgvcymw0="
            }
          }
        },
        "grunt-legacy-util": {
          "version": "0.2.0",
          "resolved": "https://registry.npmjs.org/grunt-legacy-util/-/grunt-legacy-util-0.2.0.tgz",
          "integrity": "sha1-kzJIhNv343qf98Am3/RR2UqeVUs=",
          "requires": {
            "async": "~0.1.22",
            "exit": "~0.1.1",
            "getobject": "~0.1.0",
            "hooker": "~0.2.3",
            "lodash": "~0.9.2",
            "underscore.string": "~2.2.1",
            "which": "~1.0.5"
          }
        },
        "hooker": {
          "version": "0.2.3",
          "resolved": "https://registry.npmjs.org/hooker/-/hooker-0.2.3.tgz",
          "integrity": "sha1-uDT3I8xKJCqmWWNFnfbZhMXT2Vk="
        },
        "iconv-lite": {
          "version": "0.2.11",
          "resolved": "https://registry.npmjs.org/iconv-lite/-/iconv-lite-0.2.11.tgz",
          "integrity": "sha1-HOYKOleGSiktEyH/RgnKS7llrcg="
        },
        "js-yaml": {
          "version": "2.0.5",
          "resolved": "https://registry.npmjs.org/js-yaml/-/js-yaml-2.0.5.tgz",
          "integrity": "sha1-olrmUJmZ6X3yeMZxnaEb0Gh3Q6g=",
          "requires": {
            "argparse": "~ 0.1.11",
            "esprima": "~ 1.0.2"
          },
          "dependencies": {
            "argparse": {
              "version": "0.1.16",
              "resolved": "https://registry.npmjs.org/argparse/-/argparse-0.1.16.tgz",
              "integrity": "sha1-z9AeD7uj1srtBJ+9dY1A9lGW9Xw=",
              "requires": {
                "underscore": "~1.7.0",
                "underscore.string": "~2.4.0"
              },
              "dependencies": {
                "underscore": {
                  "version": "1.7.0",
                  "resolved": "https://registry.npmjs.org/underscore/-/underscore-1.7.0.tgz",
                  "integrity": "sha1-a7rwh3UA02vjTsqlhODbn+8DUgk="
                },
                "underscore.string": {
                  "version": "2.4.0",
                  "resolved": "https://registry.npmjs.org/underscore.string/-/underscore.string-2.4.0.tgz",
                  "integrity": "sha1-jN2PusTi0uoefi6Al8QvRCKA+Fs="
                }
              }
            },
            "esprima": {
              "version": "1.0.4",
              "resolved": "https://registry.npmjs.org/esprima/-/esprima-1.0.4.tgz",
              "integrity": "sha1-n1V+CPw7TSbs6d00+Pv0drYlha0="
            }
          }
        },
        "lodash": {
          "version": "0.9.2",
          "resolved": "https://registry.npmjs.org/lodash/-/lodash-0.9.2.tgz",
          "integrity": "sha1-jzSZxSRdNG1oLlsNO0B2fgnxqSw="
        },
        "minimatch": {
          "version": "0.2.14",
          "resolved": "https://registry.npmjs.org/minimatch/-/minimatch-0.2.14.tgz",
          "integrity": "sha1-x054BXT2PG+aCQ6Q775u9TpqdWo=",
          "requires": {
            "lru-cache": "2",
            "sigmund": "~1.0.0"
          },
          "dependencies": {
            "lru-cache": {
              "version": "2.6.2",
              "resolved": "https://registry.npmjs.org/lru-cache/-/lru-cache-2.6.2.tgz",
              "integrity": "sha1-d3QWOMbcly5QPb5B3La/37pJmjg="
            },
            "sigmund": {
              "version": "1.0.0",
              "resolved": "https://registry.npmjs.org/sigmund/-/sigmund-1.0.0.tgz",
              "integrity": "sha1-ZqKzp0mui1+4nv1PzAHclPvgIpY="
            }
          }
        },
        "nopt": {
          "version": "1.0.10",
          "resolved": "https://registry.npmjs.org/nopt/-/nopt-1.0.10.tgz",
          "integrity": "sha1-bd0hvSoxQXuScn3Vhfim83YI6+4=",
          "requires": {
            "abbrev": "1"
          },
          "dependencies": {
            "abbrev": {
              "version": "1.0.5",
              "resolved": "https://registry.npmjs.org/abbrev/-/abbrev-1.0.5.tgz",
              "integrity": "sha1-XYJXvZ6+Q15piy+kMa/eT+exCwM="
            }
          }
        },
        "rimraf": {
          "version": "2.2.8",
          "resolved": "https://registry.npmjs.org/rimraf/-/rimraf-2.2.8.tgz",
          "integrity": "sha1-5Dm+Kq7jJzIZUnMPmaiSnk/FBYI="
        },
        "underscore.string": {
          "version": "2.2.1",
          "resolved": "https://registry.npmjs.org/underscore.string/-/underscore.string-2.2.1.tgz",
          "integrity": "sha1-18D6KvXVoaZ/QlPa7pgTLnM/Dxk="
        },
        "which": {
          "version": "1.0.9",
          "resolved": "https://registry.npmjs.org/which/-/which-1.0.9.tgz",
          "integrity": "sha1-RgwdoPgQED0DIam2M6+eV15kSG8="
        }
      }
    },
    "grunt-contrib-watch": {
      "version": "0.6.1",
      "resolved": "https://registry.npmjs.org/grunt-contrib-watch/-/grunt-contrib-watch-0.6.1.tgz",
      "integrity": "sha1-ZP3LolpjX1tNobbOb5DaCutuPxU=",
      "requires": {
        "async": "~0.2.9",
        "gaze": "~0.5.1",
        "lodash": "~2.4.1",
        "tiny-lr-fork": "0.0.5"
      },
      "dependencies": {
        "async": {
          "version": "0.2.10",
          "resolved": "https://registry.npmjs.org/async/-/async-0.2.10.tgz",
          "integrity": "sha1-trvgsGdLnXGXCMo43owjfLUmw9E="
        },
        "gaze": {
          "version": "0.5.1",
          "resolved": "https://registry.npmjs.org/gaze/-/gaze-0.5.1.tgz",
          "integrity": "sha1-IucxB47z5J0cSrERWsCRGSBRgkw=",
          "requires": {
            "globule": "~0.1.0"
          },
          "dependencies": {
            "globule": {
              "version": "0.1.0",
              "resolved": "https://registry.npmjs.org/globule/-/globule-0.1.0.tgz",
              "integrity": "sha1-2cjt3h2nnRJaFRt5UzuXhnY0auU=",
              "requires": {
                "glob": "~3.1.21",
                "lodash": "~1.0.1",
                "minimatch": "~0.2.11"
              },
              "dependencies": {
                "glob": {
                  "version": "3.1.21",
                  "resolved": "https://registry.npmjs.org/glob/-/glob-3.1.21.tgz",
                  "integrity": "sha1-0p4KBV3qUTj00H7UDomC6DwgZs0=",
                  "requires": {
                    "graceful-fs": "~1.2.0",
                    "inherits": "1",
                    "minimatch": "~0.2.11"
                  },
                  "dependencies": {
                    "graceful-fs": {
                      "version": "1.2.3",
                      "resolved": "https://registry.npmjs.org/graceful-fs/-/graceful-fs-1.2.3.tgz",
                      "integrity": "sha1-FaSAaldUfLLS2/J/QuiajDRRs2Q="
                    },
                    "inherits": {
                      "version": "1.0.0",
                      "resolved": "https://registry.npmjs.org/inherits/-/inherits-1.0.0.tgz",
                      "integrity": "sha1-OOGXUoW/H3upyE2hArsSdxMirEg="
                    }
                  }
                },
                "lodash": {
                  "version": "1.0.2",
                  "resolved": "https://registry.npmjs.org/lodash/-/lodash-1.0.2.tgz",
                  "integrity": "sha1-j1dWDIO1n8JwvT1WG2kAQ0MOJVE="
                },
                "minimatch": {
                  "version": "0.2.14",
                  "resolved": "https://registry.npmjs.org/minimatch/-/minimatch-0.2.14.tgz",
                  "integrity": "sha1-x054BXT2PG+aCQ6Q775u9TpqdWo=",
                  "requires": {
                    "lru-cache": "2",
                    "sigmund": "~1.0.0"
                  },
                  "dependencies": {
                    "lru-cache": {
                      "version": "2.6.2",
                      "resolved": "https://registry.npmjs.org/lru-cache/-/lru-cache-2.6.2.tgz",
                      "integrity": "sha1-d3QWOMbcly5QPb5B3La/37pJmjg="
                    },
                    "sigmund": {
                      "version": "1.0.0",
                      "resolved": "https://registry.npmjs.org/sigmund/-/sigmund-1.0.0.tgz",
                      "integrity": "sha1-ZqKzp0mui1+4nv1PzAHclPvgIpY="
                    }
                  }
                }
              }
            }
          }
        },
        "lodash": {
          "version": "2.4.2",
          "resolved": "https://registry.npmjs.org/lodash/-/lodash-2.4.2.tgz",
          "integrity": "sha1-+t2DS5aDBz2hebPq5tnA0VBT9z4="
        },
        "tiny-lr-fork": {
          "version": "0.0.5",
          "resolved": "https://registry.npmjs.org/tiny-lr-fork/-/tiny-lr-fork-0.0.5.tgz",
          "integrity": "sha1-Hpnh4qhGm3NquX2X7vqYxx927Qo=",
          "requires": {
            "debug": "~0.7.0",
            "faye-websocket": "~0.4.3",
            "noptify": "~0.0.3",
            "qs": "~0.5.2"
          },
          "dependencies": {
            "debug": {
              "version": "0.7.4",
              "resolved": "https://registry.npmjs.org/debug/-/debug-0.7.4.tgz",
              "integrity": "sha1-BuHqgILCyxTjmAbiLi9vdX+Srzk="
            },
            "faye-websocket": {
              "version": "0.4.4",
              "resolved": "https://registry.npmjs.org/faye-websocket/-/faye-websocket-0.4.4.tgz",
              "integrity": "sha1-wUxbO/FNdBf/v9mQwKdJXNnzN7w="
            },
            "noptify": {
              "version": "0.0.3",
              "resolved": "https://registry.npmjs.org/noptify/-/noptify-0.0.3.tgz",
              "integrity": "sha1-WPZUpz2XU98MUdlobckhBKZ/S7s=",
              "requires": {
                "nopt": "~2.0.0"
              },
              "dependencies": {
                "nopt": {
                  "version": "2.0.0",
                  "resolved": "https://registry.npmjs.org/nopt/-/nopt-2.0.0.tgz",
                  "integrity": "sha1-ynQW8gpeP5w7hhgPlilfo9C1Lg0=",
                  "requires": {
                    "abbrev": "1"
                  },
                  "dependencies": {
                    "abbrev": {
                      "version": "1.0.5",
                      "resolved": "https://registry.npmjs.org/abbrev/-/abbrev-1.0.5.tgz",
                      "integrity": "sha1-XYJXvZ6+Q15piy+kMa/eT+exCwM="
                    }
                  }
                }
              }
            },
            "qs": {
              "version": "0.5.6",
              "resolved": "https://registry.npmjs.org/qs/-/qs-0.5.6.tgz",
              "integrity": "sha1-MbGtBYVnZRxSaSFQa5qHk5EaA4Q="
            }
          }
        }
      }
    },
    "grunt-express-server": {
      "version": "0.5.1",
      "resolved": "https://registry.npmjs.org/grunt-express-server/-/grunt-express-server-0.5.1.tgz",
      "integrity": "sha1-Z6kpcMXyAekS2Bhb/jZU0nvj94w="
    },
    "hbs": {
      "version": "3.0.1",
      "resolved": "https://registry.npmjs.org/hbs/-/hbs-3.0.1.tgz",
      "integrity": "sha1-S8ZdxzVVFSfBfHMuvAT71gjKMLU=",
      "requires": {
        "handlebars": "3.0.0",
        "walk": "2.2.1"
      },
      "dependencies": {
        "handlebars": {
          "version": "3.0.0",
          "resolved": "https://registry.npmjs.org/handlebars/-/handlebars-3.0.0.tgz",
          "integrity": "sha1-f05Tf03WmShp1mwBt1BeujVhpdU=",
          "requires": {
            "optimist": "^0.6.1",
            "source-map": "^0.1.40",
            "uglify-js": "~2.3"
          },
          "dependencies": {
            "optimist": {
              "version": "0.6.1",
              "resolved": "https://registry.npmjs.org/optimist/-/optimist-0.6.1.tgz",
              "integrity": "sha1-2j6nRob6IaGaERwybpDrFaAZZoY=",
              "requires": {
                "minimist": "~0.0.1",
                "wordwrap": "~0.0.2"
              },
              "dependencies": {
                "minimist": {
                  "version": "0.0.10",
                  "resolved": "https://registry.npmjs.org/minimist/-/minimist-0.0.10.tgz",
                  "integrity": "sha1-3j+YVD2/lggr5IrRoMfNqDYwHc8="
                },
                "wordwrap": {
                  "version": "0.0.3",
                  "resolved": "https://registry.npmjs.org/wordwrap/-/wordwrap-0.0.3.tgz",
                  "integrity": "sha1-o9XabNXAvAAI03I0u68b7WMFkQc="
                }
              }
            },
            "source-map": {
              "version": "0.1.43",
              "resolved": "https://registry.npmjs.org/source-map/-/source-map-0.1.43.tgz",
              "integrity": "sha1-wkvBRspRfBRx9drL4lcbK3+eM0Y=",
              "requires": {
                "amdefine": ">=0.0.4"
              },
              "dependencies": {
                "amdefine": {
                  "version": "0.1.0",
                  "resolved": "https://registry.npmjs.org/amdefine/-/amdefine-0.1.0.tgz",
                  "integrity": "sha1-PKlzXPHd4O33pL9mQXCcgCT5sic="
                }
              }
            },
            "uglify-js": {
              "version": "2.3.6",
              "resolved": "https://registry.npmjs.org/uglify-js/-/uglify-js-2.3.6.tgz",
              "integrity": "sha1-+gmEdwtCi3qbKoBY9GNV0U/vIRo=",
              "optional": true,
              "requires": {
                "async": "~0.2.6",
                "optimist": "~0.3.5",
                "source-map": "~0.1.7"
              },
              "dependencies": {
                "async": {
                  "version": "0.2.10",
                  "resolved": "https://registry.npmjs.org/async/-/async-0.2.10.tgz",
                  "integrity": "sha1-trvgsGdLnXGXCMo43owjfLUmw9E=",
                  "optional": true
                },
                "optimist": {
                  "version": "0.3.7",
                  "resolved": "https://registry.npmjs.org/optimist/-/optimist-0.3.7.tgz",
                  "integrity": "sha1-yQlBrVnkJzMokjB00s8ufLxuwNk=",
                  "optional": true,
                  "requires": {
                    "wordwrap": "~0.0.2"
                  },
                  "dependencies": {
                    "wordwrap": {
                      "version": "0.0.3",
                      "resolved": "https://registry.npmjs.org/wordwrap/-/wordwrap-0.0.3.tgz",
                      "integrity": "sha1-o9XabNXAvAAI03I0u68b7WMFkQc=",
                      "optional": true
                    }
                  }
                }
              }
            }
          }
        },
        "walk": {
          "version": "2.2.1",
          "resolved": "https://registry.npmjs.org/walk/-/walk-2.2.1.tgz",
          "integrity": "sha1-WtofjknkfUt0Rdi+ei4eYxq0MBY=",
          "requires": {
            "forEachAsync": "~2.2"
          },
          "dependencies": {
            "forEachAsync": {
              "version": "2.2.1",
              "resolved": "https://registry.npmjs.org/forEachAsync/-/forEachAsync-2.2.1.tgz",
              "integrity": "sha1-43I/AJA5EOHrSx2zrVG1xkoxn+w=",
              "requires": {
                "sequence": "2.x"
              },
              "dependencies": {
                "sequence": {
                  "version": "2.2.1",
                  "resolved": "https://registry.npmjs.org/sequence/-/sequence-2.2.1.tgz",
                  "integrity": "sha1-f1YXiV1ENRwKBH52RGdpBJChawM="
                }
              }
            }
          }
        }
      }
    },
    "http": {
      "version": "0.0.0",
      "resolved": "https://registry.npmjs.org/http/-/http-0.0.0.tgz",
      "integrity": "sha1-huYybSnF0Dnen6xYSkVon5KfT3I="
    },
    "inherits": {
      "version": "2.0.3",
      "resolved": "https://registry.npmjs.org/inherits/-/inherits-2.0.3.tgz",
      "integrity": "sha512-x00IRNXNy63jwGkJmzPigoySHbaqpNuzKbBOmzK+g2OdZpQ9w+sxCN+VSB3ja7IAge2OP2qpfxTjeNcyjmW1uw=="
    },
    "path": {
      "version": "0.12.7",
      "resolved": "https://registry.npmjs.org/path/-/path-0.12.7.tgz",
      "integrity": "sha512-aXXC6s+1w7otVF9UletFkFcDsJeO7lSZBPUQhtb5O0xJe8LtYhj/GxldoL09bBj9+ZmE2hNoHqQSFMN5fikh4Q==",
      "requires": {
        "process": "^0.11.1",
        "util": "^0.10.3"
      }
    },
    "process": {
      "version": "0.11.10",
      "resolved": "https://registry.npmjs.org/process/-/process-0.11.10.tgz",
      "integrity": "sha512-cdGef/drWFoydD1JsMzuFf8100nZl+GT+yacc2bEced5f9Rjk4z+WtFUTBu9PhOi9j/jfmBPu0mMEY4wIdAF8A=="
    },
    "util": {
      "version": "0.10.4",
      "resolved": "https://registry.npmjs.org/util/-/util-0.10.4.tgz",
      "integrity": "sha512-0Pm9hTQ3se5ll1XihRic3FDIku70C+iHUdT/W926rSgHV5QgXsYbKZN8MSC3tJtSkhuROzvsQjAaFENRXr+19A==",
      "requires": {
        "inherits": "2.0.3"
      }
    }
  }
}
